
Microsoft Visual Studio Solution File, Format Version 12.00
# Visual Studio Version 16
VisualStudioVersion = 16.0.31702.278
MinimumVisualStudioVersion = 10.0.40219.1
Project("{FAE04EC0-301F-11D3-BF4B-00C04F79EFBC}") = "AdventOfCode_Day_1", "AdventOfCode_Day_1\AdventOfCode_Day_1.csproj", "{1BCF2B38-2156-4BA3-A492-AB7217D41D21}"
EndProject
Global
	GlobalSection(SolutionConfigurationPlatforms) = preSolution
		Debug|Any CPU = Debug|Any CPU
		Release|Any CPU = Release|Any CPU
	EndGlobalSection
	GlobalSection(ProjectConfigurationPlatforms) = postSolution
		{1BCF2B38-2156-4BA3-A492-AB7217D41D21}.Debug|Any CPU.ActiveCfg = Debug|Any CPU
		{1BCF2B38-2156-4BA3-A492-AB7217D41D21}.Debug|Any CPU.Build.0 = Debug|Any CPU
		{1BCF2B38-2156-4BA3-A492-AB7217D41D21}.Release|Any CPU.ActiveCfg = Release|Any CPU
		{1BCF2B38-2156-4BA3-A492-AB7217D41D21}.Release|Any CPU.Build.0 = Release|Any CPU
	EndGlobalSection
	GlobalSection(SolutionProperties) = preSolution
		HideSolutionNode = FALSE
	EndGlobalSection
	GlobalSection(ExtensibilityGlobals) = postSolution
		SolutionGuid = {A9B6F274-7420-4778-8664-406F87EBB57F}
	EndGlobalSection
EndGlobal
